<?xml version="1.0" encoding="UTF-8" standalone="yes" ?>
<CodeBlocks_project_file>
	<FileVersion major="1" minor="6" />
	<Project>
		<Option title="MidLimitless" />
		<Option pch_mode="2" />
		<Option compiler="gcc" />
		<Build>
			<Target title="Debug">
				<Option output="bin/Debug/MidLimitless" prefix_auto="1" extension_auto="1" />
				<Option object_output="obj/Debug/" />
				<Option type="1" />
				<Option compiler="gcc" />
				<Compiler>
					<Add option="-g" />
				</Compiler>
			</Target>
			<Target title="Release">
				<Option output="bin/Release/MidLimitless" prefix_auto="1" extension_auto="1" />
				<Option object_output="obj/Release/" />
				<Option type="1" />
				<Option compiler="gcc" />
				<Compiler>
					<Add option="-O2" />
				</Compiler>
				<Linker>
					<Add option="-s" />
				</Linker>
			</Target>
		</Build>
		<Compiler>
			<Add option="-Wmissing-declarations" />
			<Add option="-Weffc++" />
			<Add option="-Wmain" />
			<Add option="-Wall" />
			<Add option="-std=c++17" />
		</Compiler>
		<Unit filename="Identifier.cpp" />
		<Unit filename="Identifier.hpp" />
		<Unit filename="Lexer.cpp" />
		<Unit filename="Lexer.hpp" />
		<Unit filename="Parser.cpp" />
		<Unit filename="Parser.hpp" />
		<Unit filename="StateMachine.hpp" />
		<Unit filename="SubToken.cpp" />
		<Unit filename="SubToken.hpp" />
		<Unit filename="Tester.cpp" />
		<Unit filename="Token.cpp" />
		<Unit filename="Token.hpp" />
		<Unit filename="TrieNode.cpp" />
		<Unit filename="TrieNode.hpp" />
		<Unit filename="Utilities.hpp" />
		<Extensions>
			<envvars />
			<code_completion />
			<debugger />
			<DoxyBlocks>
				<comment_style block="5" line="1" />
				<doxyfile_project />
				<doxyfile_build />
				<doxyfile_warnings />
				<doxyfile_output />
				<doxyfile_dot />
				<general />
			</DoxyBlocks>
		</Extensions>
	</Project>
</CodeBlocks_project_file>
